
Microsoft Visual Studio Solution File, Format Version 12.00
# Visual Studio Version 17
VisualStudioVersion = 17.9.34728.123
MinimumVisualStudioVersion = 10.0.40219.1
Project("{8BC9CEB8-8B4A-11D0-8D11-00A0C91BC942}") = "Hello", "Hello\Hello.vcxproj", "{043763F7-39FB-45FA-8C82-0433E031FF02}"
EndProject
Global
	GlobalSection(SolutionConfigurationPlatforms) = preSolution
		Debug|x64 = Debug|x64
		Debug|x86 = Debug|x86
		Release|x64 = Release|x64
		Release|x86 = Release|x86
	EndGlobalSection
	GlobalSection(ProjectConfigurationPlatforms) = postSolution
		{043763F7-39FB-45FA-8C82-0433E031FF02}.Debug|x64.ActiveCfg = Debug|x64
		{043763F7-39FB-45FA-8C82-0433E031FF02}.Debug|x64.Build.0 = Debug|x64
		{043763F7-39FB-45FA-8C82-0433E031FF02}.Debug|x86.ActiveCfg = Debug|Win32
		{043763F7-39FB-45FA-8C82-0433E031FF02}.Debug|x86.Build.0 = Debug|Win32
		{043763F7-39FB-45FA-8C82-0433E031FF02}.Release|x64.ActiveCfg = Release|x64
		{043763F7-39FB-45FA-8C82-0433E031FF02}.Release|x64.Build.0 = Release|x64
		{043763F7-39FB-45FA-8C82-0433E031FF02}.Release|x86.ActiveCfg = Release|Win32
		{043763F7-39FB-45FA-8C82-0433E031FF02}.Release|x86.Build.0 = Release|Win32
	EndGlobalSection
	GlobalSection(SolutionProperties) = preSolution
		HideSolutionNode = FALSE
	EndGlobalSection
	GlobalSection(ExtensibilityGlobals) = postSolution
		SolutionGuid = {43B1C0CD-2911-41E7-BDB2-8417E0AD8D56}
	EndGlobalSection
EndGlobal
